
Microsoft Visual Studio Solution File, Format Version 12.00
# Visual Studio Version 16
VisualStudioVersion = 16.0.30218.40
MinimumVisualStudioVersion = 10.0.40219.1
Project("{8BC9CEB8-8B4A-11D0-8D11-00A0C91BC942}") = "test2", "test2.vcxproj", "{0D79481B-DBA5-49F4-B821-C1F124E6385C}"
EndProject
Global
	GlobalSection(SolutionConfigurationPlatforms) = preSolution
		Debug|x64 = Debug|x64
		Debug|x86 = Debug|x86
		Release|x64 = Release|x64
		Release|x86 = Release|x86
	EndGlobalSection
	GlobalSection(ProjectConfigurationPlatforms) = postSolution
		{0D79481B-DBA5-49F4-B821-C1F124E6385C}.Debug|x64.ActiveCfg = Debug|x64
		{0D79481B-DBA5-49F4-B821-C1F124E6385C}.Debug|x64.Build.0 = Debug|x64
		{0D79481B-DBA5-49F4-B821-C1F124E6385C}.Debug|x86.ActiveCfg = Debug|Win32
		{0D79481B-DBA5-49F4-B821-C1F124E6385C}.Debug|x86.Build.0 = Debug|Win32
		{0D79481B-DBA5-49F4-B821-C1F124E6385C}.Release|x64.ActiveCfg = Release|x64
		{0D79481B-DBA5-49F4-B821-C1F124E6385C}.Release|x64.Build.0 = Release|x64
		{0D79481B-DBA5-49F4-B821-C1F124E6385C}.Release|x86.ActiveCfg = Release|Win32
		{0D79481B-DBA5-49F4-B821-C1F124E6385C}.Release|x86.Build.0 = Release|Win32
	EndGlobalSection
	GlobalSection(SolutionProperties) = preSolution
		HideSolutionNode = FALSE
	EndGlobalSection
	GlobalSection(ExtensibilityGlobals) = postSolution
		SolutionGuid = {0139D4D5-CC4C-4644-AF32-8D910D0D2561}
	EndGlobalSection
EndGlobal
